# @generated by Move, please check-in and do not edit manually.

[move]
version = 3
manifest_digest = "08D6F4EFDA4E3585FF2BC654B68FDBCCB79D3A80F98E7199E83F996A740DAAA9"
deps_digest = "F8BBB0CCB2491CA29A3DF03D6F92277A4F3574266507ACD77214D37ECA3F3082"
dependencies = [
  { id = "Sui", name = "Sui" },
]

[[move.package]]
id = "MoveStdlib"
source = { git = "https://github.com/MystenLabs/sui.git", rev = "framework/testnet", subdir = "crates/sui-framework/packages/move-stdlib" }

[[move.package]]
id = "Sui"
source = { git = "https://github.com/MystenLabs/sui.git", rev = "framework/testnet", subdir = "crates/sui-framework/packages/sui-framework" }

dependencies = [
  { id = "MoveStdlib", name = "MoveStdlib" },
]

[move.toolchain-version]
compiler-version = "1.49.0"
edition = "2024"
flavor = "sui"

[env]

[env.testnet]
chain-id = "4c78adac"
original-published-id = "0x49e2048033e8bde89359214ccbf916dffb68f44e917f0898d72c879a18f595a3"
latest-published-id = "0x49e2048033e8bde89359214ccbf916dffb68f44e917f0898d72c879a18f595a3"
published-version = "1"
